
Microsoft Visual Studio Solution File, Format Version 12.00
# Visual Studio Version 17
VisualStudioVersion = 17.12.35527.113
MinimumVisualStudioVersion = 10.0.40219.1
Project("{FAE04EC0-301F-11D3-BF4B-00C04F79EFBC}") = "PetsFoundation", "PetsFoundation.csproj", "{2CF06B4D-A2C6-45E0-841C-F4B7D9D8BD01}"
EndProject
Project("{FAE04EC0-301F-11D3-BF4B-00C04F79EFBC}") = "PetsFoundationTest", "..\PetsFoundationTest\PetsFoundationTest.csproj", "{5584385F-5012-41E2-96EE-0AF7F5D6EF8E}"
EndProject
Project("{FAE04EC0-301F-11D3-BF4B-00C04F79EFBC}") = "YarpApiGatewayPetsFoundation", "..\YarpApiGatewayPetsFoundation\YarpApiGatewayPetsFoundation.csproj", "{E4D86D01-150B-4553-828F-8B73330D83EB}"
EndProject
Global
	GlobalSection(SolutionConfigurationPlatforms) = preSolution
		Debug|Any CPU = Debug|Any CPU
		Release|Any CPU = Release|Any CPU
	EndGlobalSection
	GlobalSection(ProjectConfigurationPlatforms) = postSolution
		{2CF06B4D-A2C6-45E0-841C-F4B7D9D8BD01}.Debug|Any CPU.ActiveCfg = Debug|Any CPU
		{2CF06B4D-A2C6-45E0-841C-F4B7D9D8BD01}.Debug|Any CPU.Build.0 = Debug|Any CPU
		{2CF06B4D-A2C6-45E0-841C-F4B7D9D8BD01}.Release|Any CPU.ActiveCfg = Release|Any CPU
		{2CF06B4D-A2C6-45E0-841C-F4B7D9D8BD01}.Release|Any CPU.Build.0 = Release|Any CPU
		{5584385F-5012-41E2-96EE-0AF7F5D6EF8E}.Debug|Any CPU.ActiveCfg = Debug|Any CPU
		{5584385F-5012-41E2-96EE-0AF7F5D6EF8E}.Debug|Any CPU.Build.0 = Debug|Any CPU
		{5584385F-5012-41E2-96EE-0AF7F5D6EF8E}.Release|Any CPU.ActiveCfg = Release|Any CPU
		{5584385F-5012-41E2-96EE-0AF7F5D6EF8E}.Release|Any CPU.Build.0 = Release|Any CPU
		{E4D86D01-150B-4553-828F-8B73330D83EB}.Debug|Any CPU.ActiveCfg = Debug|Any CPU
		{E4D86D01-150B-4553-828F-8B73330D83EB}.Debug|Any CPU.Build.0 = Debug|Any CPU
		{E4D86D01-150B-4553-828F-8B73330D83EB}.Release|Any CPU.ActiveCfg = Release|Any CPU
		{E4D86D01-150B-4553-828F-8B73330D83EB}.Release|Any CPU.Build.0 = Release|Any CPU
	EndGlobalSection
	GlobalSection(SolutionProperties) = preSolution
		HideSolutionNode = FALSE
	EndGlobalSection
	GlobalSection(ExtensibilityGlobals) = postSolution
		SolutionGuid = {2EDC220F-426C-4313-BD52-6866D3290A4F}
	EndGlobalSection
EndGlobal
